
Microsoft Visual Studio Solution File, Format Version 12.00
Project("{FAE04EC0-301F-11D3-BF4B-00C04F79EFBC}") = "Logic", "Logic\Logic.csproj", "{225602A6-4342-45B8-91D6-70B2E0DC43AD}"
EndProject
Project("{FAE04EC0-301F-11D3-BF4B-00C04F79EFBC}") = "Runner", "Runner\Runner.csproj", "{138FD9F0-68A3-45F2-9BBE-A6566F416B2D}"
EndProject
Project("{FAE04EC0-301F-11D3-BF4B-00C04F79EFBC}") = "Planning", "Planning\Planning.csproj", "{713148C5-DEEC-48C5-A5EC-62BBE8F60594}"
EndProject
Project("{FAE04EC0-301F-11D3-BF4B-00C04F79EFBC}") = "Domain", "Domain\Domain.csproj", "{3894E0B3-C7D9-4D0F-A270-99770C515C20}"
EndProject
Global
	GlobalSection(SolutionConfigurationPlatforms) = preSolution
		Debug|Any CPU = Debug|Any CPU
		Release|Any CPU = Release|Any CPU
	EndGlobalSection
	GlobalSection(ProjectConfigurationPlatforms) = postSolution
		{225602A6-4342-45B8-91D6-70B2E0DC43AD}.Debug|Any CPU.ActiveCfg = Debug|Any CPU
		{225602A6-4342-45B8-91D6-70B2E0DC43AD}.Debug|Any CPU.Build.0 = Debug|Any CPU
		{225602A6-4342-45B8-91D6-70B2E0DC43AD}.Release|Any CPU.ActiveCfg = Release|Any CPU
		{225602A6-4342-45B8-91D6-70B2E0DC43AD}.Release|Any CPU.Build.0 = Release|Any CPU
		{138FD9F0-68A3-45F2-9BBE-A6566F416B2D}.Debug|Any CPU.ActiveCfg = Debug|Any CPU
		{138FD9F0-68A3-45F2-9BBE-A6566F416B2D}.Debug|Any CPU.Build.0 = Debug|Any CPU
		{138FD9F0-68A3-45F2-9BBE-A6566F416B2D}.Release|Any CPU.ActiveCfg = Release|Any CPU
		{138FD9F0-68A3-45F2-9BBE-A6566F416B2D}.Release|Any CPU.Build.0 = Release|Any CPU
		{713148C5-DEEC-48C5-A5EC-62BBE8F60594}.Debug|Any CPU.ActiveCfg = Debug|Any CPU
		{713148C5-DEEC-48C5-A5EC-62BBE8F60594}.Debug|Any CPU.Build.0 = Debug|Any CPU
		{713148C5-DEEC-48C5-A5EC-62BBE8F60594}.Release|Any CPU.ActiveCfg = Release|Any CPU
		{713148C5-DEEC-48C5-A5EC-62BBE8F60594}.Release|Any CPU.Build.0 = Release|Any CPU
		{3894E0B3-C7D9-4D0F-A270-99770C515C20}.Debug|Any CPU.ActiveCfg = Debug|Any CPU
		{3894E0B3-C7D9-4D0F-A270-99770C515C20}.Debug|Any CPU.Build.0 = Debug|Any CPU
		{3894E0B3-C7D9-4D0F-A270-99770C515C20}.Release|Any CPU.ActiveCfg = Release|Any CPU
		{3894E0B3-C7D9-4D0F-A270-99770C515C20}.Release|Any CPU.Build.0 = Release|Any CPU
	EndGlobalSection
EndGlobal
